
Microsoft Visual Studio Solution File, Format Version 12.00
# Visual Studio Version 17
VisualStudioVersion = 17.7.34024.191
MinimumVisualStudioVersion = 10.0.40219.1
Project("{FAE04EC0-301F-11D3-BF4B-00C04F79EFBC}") = "Basic_Program", "Basic_Program.csproj", "{AB30F4C8-19C2-4ED8-BCEE-5512536E69C4}"
EndProject
Global
	GlobalSection(SolutionConfigurationPlatforms) = preSolution
		Debug|Any CPU = Debug|Any CPU
		Release|Any CPU = Release|Any CPU
	EndGlobalSection
	GlobalSection(ProjectConfigurationPlatforms) = postSolution
		{AB30F4C8-19C2-4ED8-BCEE-5512536E69C4}.Debug|Any CPU.ActiveCfg = Debug|Any CPU
		{AB30F4C8-19C2-4ED8-BCEE-5512536E69C4}.Debug|Any CPU.Build.0 = Debug|Any CPU
		{AB30F4C8-19C2-4ED8-BCEE-5512536E69C4}.Release|Any CPU.ActiveCfg = Release|Any CPU
		{AB30F4C8-19C2-4ED8-BCEE-5512536E69C4}.Release|Any CPU.Build.0 = Release|Any CPU
	EndGlobalSection
	GlobalSection(SolutionProperties) = preSolution
		HideSolutionNode = FALSE
	EndGlobalSection
	GlobalSection(ExtensibilityGlobals) = postSolution
		SolutionGuid = {7E510C64-4D3F-4209-A812-0777458D49E9}
	EndGlobalSection
EndGlobal
